
Microsoft Visual Studio Solution File, Format Version 12.00
# Visual Studio Version 16
VisualStudioVersion = 16.0.29102.190
MinimumVisualStudioVersion = 10.0.40219.1
Project("{9A19103F-16F7-4668-BE54-9A1E7A4F7556}") = "CRL", "CRL\CRL.csproj", "{221A152B-1136-46A0-BF49-37D8E8EF19A0}"
EndProject
Project("{9A19103F-16F7-4668-BE54-9A1E7A4F7556}") = "CRL.Core", "CRL.Core\CRL.Core.csproj", "{1255276C-756E-48AA-A09B-22E92D16D995}"
EndProject
Project("{2150E333-8FDC-42A3-9474-1A3956D46DE8}") = "DynamicWebApi", "DynamicWebApi", "{13175EA6-B834-49A1-BD57-BCB69A1593BF}"
EndProject
Project("{9A19103F-16F7-4668-BE54-9A1E7A4F7556}") = "CRL.DynamicWebApi", "DynamicWebApi\CRL.DynamicWebApi\CRL.DynamicWebApi.csproj", "{23596DC5-290A-4DD0-A2A3-6194E35A1CDF}"
EndProject
Project("{2150E333-8FDC-42A3-9474-1A3956D46DE8}") = "Core", "Core", "{09997313-0337-406E-87E7-2935EE607A29}"
EndProject
Project("{9A19103F-16F7-4668-BE54-9A1E7A4F7556}") = "CRL.Core.RedisProvider", "CRL.Core.RedisProvider\CRL.Core.RedisProvider.csproj", "{EE9077B9-145A-4B2D-94AF-A676A8CF064F}"
EndProject
Project("{2150E333-8FDC-42A3-9474-1A3956D46DE8}") = "RPC", "RPC", "{9B840196-28CE-42D2-9FB5-F9C7DFA08A88}"
EndProject
Project("{9A19103F-16F7-4668-BE54-9A1E7A4F7556}") = "CRL.RPC", "RPC\CRL.RPC\CRL.RPC.csproj", "{1C0FE511-0A6D-475F-B741-6B96248996FF}"
EndProject
Project("{9A19103F-16F7-4668-BE54-9A1E7A4F7556}") = "CRL.Core.QuartzScheduler", "CRL.Core.QuartzScheduler\CRL.Core.QuartzScheduler.csproj", "{E79D23BA-1D4E-42A1-AB57-E6AB90C1F706}"
EndProject
Project("{2150E333-8FDC-42A3-9474-1A3956D46DE8}") = "CRL.Providers", "CRL.Providers", "{0C56ACD1-24EC-4B42-AEB8-A75353534EA4}"
EndProject
Project("{9A19103F-16F7-4668-BE54-9A1E7A4F7556}") = "CRL.MySql", "CRL.Providers\CRL.MySql\CRL.MySql.csproj", "{D9D31BC4-BB39-4511-93AC-BD368C70C9B7}"
EndProject
Project("{9A19103F-16F7-4668-BE54-9A1E7A4F7556}") = "CRL.MongoDB", "CRL.Providers\CRL.MongoDB\CRL.MongoDB.csproj", "{E34DF74F-E217-4711-BFC6-2F983011FC21}"
EndProject
Project("{2150E333-8FDC-42A3-9474-1A3956D46DE8}") = "Consul", "Consul", "{745EB686-0FB1-41D3-9983-D5487A77F210}"
EndProject
Project("{9A19103F-16F7-4668-BE54-9A1E7A4F7556}") = "CRL.Ocelot", "Consul\CRL.Ocelot\CRL.Ocelot.csproj", "{9DA9DBE0-AE29-4845-9204-099F58A7E405}"
EndProject
Project("{2150E333-8FDC-42A3-9474-1A3956D46DE8}") = "Test", "Test", "{1DBBB1F2-CAE1-4FEE-8A65-EE9CCEAD6CD7}"
EndProject
Project("{9A19103F-16F7-4668-BE54-9A1E7A4F7556}") = "CRLTest", "Test\CRLTest\CRLTest.csproj", "{C45E9395-1690-49A8-A659-4AA44129E338}"
EndProject
Project("{9A19103F-16F7-4668-BE54-9A1E7A4F7556}") = "CRL.Oracle", "CRL.Providers\CRL.Oracle\CRL.Oracle.csproj", "{63038FE4-82C6-475B-A10D-22FF92B410AF}"
EndProject
Project("{FAE04EC0-301F-11D3-BF4B-00C04F79EFBC}") = "DynamicWebApiClient", "DynamicWebApi\DynamicWebApiClient\DynamicWebApiClient.csproj", "{D0A1BC05-BBEE-442B-8CFD-8595F6ABC1B7}"
EndProject
Project("{FAE04EC0-301F-11D3-BF4B-00C04F79EFBC}") = "ServerTest", "DynamicWebApi\ServerTest\ServerTest.csproj", "{7D231056-5E8A-4AEA-B3BF-98754CB95997}"
EndProject
Project("{FAE04EC0-301F-11D3-BF4B-00C04F79EFBC}") = "ApiProxyTest", "DynamicWebApi\ApiProxyTest\ApiProxyTest.csproj", "{98BDD5F6-5752-41D8-B1B2-4FAF69418A1A}"
EndProject
Project("{FAE04EC0-301F-11D3-BF4B-00C04F79EFBC}") = "RPCServer", "RPC\RPCServer\RPCServer.csproj", "{EBF47F2C-9452-49E9-B984-5B6D44C3E608}"
EndProject
Project("{FAE04EC0-301F-11D3-BF4B-00C04F79EFBC}") = "RPCClient", "RPC\RPCClient\RPCClient.csproj", "{1B4D683C-3FEF-4BCB-886A-BFF4B043B9A6}"
EndProject
Project("{2150E333-8FDC-42A3-9474-1A3956D46DE8}") = "WebSocket", "WebSocket", "{33051E2D-2B9B-44F3-BCE4-EE0851AC0DE9}"
EndProject
Project("{9A19103F-16F7-4668-BE54-9A1E7A4F7556}") = "CRL.WebSocket", "WebSocket\CRL.WebSocket\CRL.WebSocket.csproj", "{FF46E686-36D9-49EB-B684-F87F52B3E017}"
EndProject
Project("{FAE04EC0-301F-11D3-BF4B-00C04F79EFBC}") = "WebSocketClient", "WebSocket\WebSocketClient\WebSocketClient.csproj", "{EA746D4D-4888-43D2-BA78-D48F9286FDB2}"
EndProject
Project("{FAE04EC0-301F-11D3-BF4B-00C04F79EFBC}") = "WebSocketServer", "WebSocket\WebSocketServer\WebSocketServer.csproj", "{9A702D80-E791-4A56-8B04-3B2BBAFA2C3F}"
EndProject
Project("{FAE04EC0-301F-11D3-BF4B-00C04F79EFBC}") = "ConsulClient", "DynamicWebApi\ConsulClient\ConsulClient.csproj", "{DDC04879-8463-4F95-9DAD-FE1BBF810B6B}"
EndProject
Project("{9A19103F-16F7-4668-BE54-9A1E7A4F7556}") = "CRL.Core.RabbitMQ", "CRL.Core.RabbitMQ\CRL.Core.RabbitMQ.csproj", "{A3A5E6B7-E3A4-4D03-A3BE-B2EC37D00F2E}"
EndProject
Project("{FAE04EC0-301F-11D3-BF4B-00C04F79EFBC}") = "ConsulTest", "Consul\ConsulTest\ConsulTest.csproj", "{126597CA-D404-43B3-BCFE-36F777B6B741}"
EndProject
Project("{9A19103F-16F7-4668-BE54-9A1E7A4F7556}") = "JWTApiTest", "Consul\JWTApi\JWTApiTest.csproj", "{7CCFEFA1-0391-499C-A32B-59A2E59D6B99}"
EndProject
Project("{9A19103F-16F7-4668-BE54-9A1E7A4F7556}") = "JWTAuthorize", "Consul\JWTAuthorize\JWTAuthorize.csproj", "{9162AB5E-CD81-4F6E-9866-EF3AB53065EE}"
EndProject
Project("{9A19103F-16F7-4668-BE54-9A1E7A4F7556}") = "CRL.Core.EventBus", "CRL.Core.EventBus\CRL.Core.EventBus.csproj", "{CFB4F0FE-2C65-4D31-A5F3-4273A02F8CC3}"
EndProject
Project("{FAE04EC0-301F-11D3-BF4B-00C04F79EFBC}") = "MqTest", "Test\MqTest\MqTest.csproj", "{721CEE7D-1973-430A-AD4A-8B9598C4C043}"
EndProject
Global
	GlobalSection(SolutionConfigurationPlatforms) = preSolution
		Debug|Any CPU = Debug|Any CPU
		DebugMono|Any CPU = DebugMono|Any CPU
		Release|Any CPU = Release|Any CPU
		ReleaseMono|Any CPU = ReleaseMono|Any CPU
	EndGlobalSection
	GlobalSection(ProjectConfigurationPlatforms) = postSolution
		{221A152B-1136-46A0-BF49-37D8E8EF19A0}.Debug|Any CPU.ActiveCfg = Debug|Any CPU
		{221A152B-1136-46A0-BF49-37D8E8EF19A0}.Debug|Any CPU.Build.0 = Debug|Any CPU
		{221A152B-1136-46A0-BF49-37D8E8EF19A0}.DebugMono|Any CPU.ActiveCfg = Debug|Any CPU
		{221A152B-1136-46A0-BF49-37D8E8EF19A0}.DebugMono|Any CPU.Build.0 = Debug|Any CPU
		{221A152B-1136-46A0-BF49-37D8E8EF19A0}.Release|Any CPU.ActiveCfg = Release|Any CPU
		{221A152B-1136-46A0-BF49-37D8E8EF19A0}.Release|Any CPU.Build.0 = Release|Any CPU
		{221A152B-1136-46A0-BF49-37D8E8EF19A0}.ReleaseMono|Any CPU.ActiveCfg = Release|Any CPU
		{221A152B-1136-46A0-BF49-37D8E8EF19A0}.ReleaseMono|Any CPU.Build.0 = Release|Any CPU
		{1255276C-756E-48AA-A09B-22E92D16D995}.Debug|Any CPU.ActiveCfg = Debug|Any CPU
		{1255276C-756E-48AA-A09B-22E92D16D995}.Debug|Any CPU.Build.0 = Debug|Any CPU
		{1255276C-756E-48AA-A09B-22E92D16D995}.DebugMono|Any CPU.ActiveCfg = Debug|Any CPU
		{1255276C-756E-48AA-A09B-22E92D16D995}.DebugMono|Any CPU.Build.0 = Debug|Any CPU
		{1255276C-756E-48AA-A09B-22E92D16D995}.Release|Any CPU.ActiveCfg = Release|Any CPU
		{1255276C-756E-48AA-A09B-22E92D16D995}.Release|Any CPU.Build.0 = Release|Any CPU
		{1255276C-756E-48AA-A09B-22E92D16D995}.ReleaseMono|Any CPU.ActiveCfg = Release|Any CPU
		{1255276C-756E-48AA-A09B-22E92D16D995}.ReleaseMono|Any CPU.Build.0 = Release|Any CPU
		{23596DC5-290A-4DD0-A2A3-6194E35A1CDF}.Debug|Any CPU.ActiveCfg = Debug|Any CPU
		{23596DC5-290A-4DD0-A2A3-6194E35A1CDF}.Debug|Any CPU.Build.0 = Debug|Any CPU
		{23596DC5-290A-4DD0-A2A3-6194E35A1CDF}.DebugMono|Any CPU.ActiveCfg = Debug|Any CPU
		{23596DC5-290A-4DD0-A2A3-6194E35A1CDF}.DebugMono|Any CPU.Build.0 = Debug|Any CPU
		{23596DC5-290A-4DD0-A2A3-6194E35A1CDF}.Release|Any CPU.ActiveCfg = Release|Any CPU
		{23596DC5-290A-4DD0-A2A3-6194E35A1CDF}.Release|Any CPU.Build.0 = Release|Any CPU
		{23596DC5-290A-4DD0-A2A3-6194E35A1CDF}.ReleaseMono|Any CPU.ActiveCfg = Release|Any CPU
		{23596DC5-290A-4DD0-A2A3-6194E35A1CDF}.ReleaseMono|Any CPU.Build.0 = Release|Any CPU
		{EE9077B9-145A-4B2D-94AF-A676A8CF064F}.Debug|Any CPU.ActiveCfg = Debug|Any CPU
		{EE9077B9-145A-4B2D-94AF-A676A8CF064F}.Debug|Any CPU.Build.0 = Debug|Any CPU
		{EE9077B9-145A-4B2D-94AF-A676A8CF064F}.DebugMono|Any CPU.ActiveCfg = Debug|Any CPU
		{EE9077B9-145A-4B2D-94AF-A676A8CF064F}.DebugMono|Any CPU.Build.0 = Debug|Any CPU
		{EE9077B9-145A-4B2D-94AF-A676A8CF064F}.Release|Any CPU.ActiveCfg = Release|Any CPU
		{EE9077B9-145A-4B2D-94AF-A676A8CF064F}.Release|Any CPU.Build.0 = Release|Any CPU
		{EE9077B9-145A-4B2D-94AF-A676A8CF064F}.ReleaseMono|Any CPU.ActiveCfg = Release|Any CPU
		{EE9077B9-145A-4B2D-94AF-A676A8CF064F}.ReleaseMono|Any CPU.Build.0 = Release|Any CPU
		{1C0FE511-0A6D-475F-B741-6B96248996FF}.Debug|Any CPU.ActiveCfg = Debug|Any CPU
		{1C0FE511-0A6D-475F-B741-6B96248996FF}.Debug|Any CPU.Build.0 = Debug|Any CPU
		{1C0FE511-0A6D-475F-B741-6B96248996FF}.DebugMono|Any CPU.ActiveCfg = Debug|Any CPU
		{1C0FE511-0A6D-475F-B741-6B96248996FF}.DebugMono|Any CPU.Build.0 = Debug|Any CPU
		{1C0FE511-0A6D-475F-B741-6B96248996FF}.Release|Any CPU.ActiveCfg = Release|Any CPU
		{1C0FE511-0A6D-475F-B741-6B96248996FF}.Release|Any CPU.Build.0 = Release|Any CPU
		{1C0FE511-0A6D-475F-B741-6B96248996FF}.ReleaseMono|Any CPU.ActiveCfg = Release|Any CPU
		{1C0FE511-0A6D-475F-B741-6B96248996FF}.ReleaseMono|Any CPU.Build.0 = Release|Any CPU
		{E79D23BA-1D4E-42A1-AB57-E6AB90C1F706}.Debug|Any CPU.ActiveCfg = Debug|Any CPU
		{E79D23BA-1D4E-42A1-AB57-E6AB90C1F706}.Debug|Any CPU.Build.0 = Debug|Any CPU
		{E79D23BA-1D4E-42A1-AB57-E6AB90C1F706}.DebugMono|Any CPU.ActiveCfg = Debug|Any CPU
		{E79D23BA-1D4E-42A1-AB57-E6AB90C1F706}.DebugMono|Any CPU.Build.0 = Debug|Any CPU
		{E79D23BA-1D4E-42A1-AB57-E6AB90C1F706}.Release|Any CPU.ActiveCfg = Release|Any CPU
		{E79D23BA-1D4E-42A1-AB57-E6AB90C1F706}.Release|Any CPU.Build.0 = Release|Any CPU
		{E79D23BA-1D4E-42A1-AB57-E6AB90C1F706}.ReleaseMono|Any CPU.ActiveCfg = Release|Any CPU
		{E79D23BA-1D4E-42A1-AB57-E6AB90C1F706}.ReleaseMono|Any CPU.Build.0 = Release|Any CPU
		{D9D31BC4-BB39-4511-93AC-BD368C70C9B7}.Debug|Any CPU.ActiveCfg = Debug|Any CPU
		{D9D31BC4-BB39-4511-93AC-BD368C70C9B7}.Debug|Any CPU.Build.0 = Debug|Any CPU
		{D9D31BC4-BB39-4511-93AC-BD368C70C9B7}.DebugMono|Any CPU.ActiveCfg = Debug|Any CPU
		{D9D31BC4-BB39-4511-93AC-BD368C70C9B7}.DebugMono|Any CPU.Build.0 = Debug|Any CPU
		{D9D31BC4-BB39-4511-93AC-BD368C70C9B7}.Release|Any CPU.ActiveCfg = Release|Any CPU
		{D9D31BC4-BB39-4511-93AC-BD368C70C9B7}.Release|Any CPU.Build.0 = Release|Any CPU
		{D9D31BC4-BB39-4511-93AC-BD368C70C9B7}.ReleaseMono|Any CPU.ActiveCfg = Release|Any CPU
		{D9D31BC4-BB39-4511-93AC-BD368C70C9B7}.ReleaseMono|Any CPU.Build.0 = Release|Any CPU
		{E34DF74F-E217-4711-BFC6-2F983011FC21}.Debug|Any CPU.ActiveCfg = Debug|Any CPU
		{E34DF74F-E217-4711-BFC6-2F983011FC21}.Debug|Any CPU.Build.0 = Debug|Any CPU
		{E34DF74F-E217-4711-BFC6-2F983011FC21}.DebugMono|Any CPU.ActiveCfg = Debug|Any CPU
		{E34DF74F-E217-4711-BFC6-2F983011FC21}.DebugMono|Any CPU.Build.0 = Debug|Any CPU
		{E34DF74F-E217-4711-BFC6-2F983011FC21}.Release|Any CPU.ActiveCfg = Release|Any CPU
		{E34DF74F-E217-4711-BFC6-2F983011FC21}.Release|Any CPU.Build.0 = Release|Any CPU
		{E34DF74F-E217-4711-BFC6-2F983011FC21}.ReleaseMono|Any CPU.ActiveCfg = Release|Any CPU
		{E34DF74F-E217-4711-BFC6-2F983011FC21}.ReleaseMono|Any CPU.Build.0 = Release|Any CPU
		{9DA9DBE0-AE29-4845-9204-099F58A7E405}.Debug|Any CPU.ActiveCfg = Debug|Any CPU
		{9DA9DBE0-AE29-4845-9204-099F58A7E405}.Debug|Any CPU.Build.0 = Debug|Any CPU
		{9DA9DBE0-AE29-4845-9204-099F58A7E405}.DebugMono|Any CPU.ActiveCfg = Debug|Any CPU
		{9DA9DBE0-AE29-4845-9204-099F58A7E405}.DebugMono|Any CPU.Build.0 = Debug|Any CPU
		{9DA9DBE0-AE29-4845-9204-099F58A7E405}.Release|Any CPU.ActiveCfg = Release|Any CPU
		{9DA9DBE0-AE29-4845-9204-099F58A7E405}.Release|Any CPU.Build.0 = Release|Any CPU
		{9DA9DBE0-AE29-4845-9204-099F58A7E405}.ReleaseMono|Any CPU.ActiveCfg = Release|Any CPU
		{9DA9DBE0-AE29-4845-9204-099F58A7E405}.ReleaseMono|Any CPU.Build.0 = Release|Any CPU
		{C45E9395-1690-49A8-A659-4AA44129E338}.Debug|Any CPU.ActiveCfg = Debug|Any CPU
		{C45E9395-1690-49A8-A659-4AA44129E338}.Debug|Any CPU.Build.0 = Debug|Any CPU
		{C45E9395-1690-49A8-A659-4AA44129E338}.DebugMono|Any CPU.ActiveCfg = Debug|Any CPU
		{C45E9395-1690-49A8-A659-4AA44129E338}.DebugMono|Any CPU.Build.0 = Debug|Any CPU
		{C45E9395-1690-49A8-A659-4AA44129E338}.Release|Any CPU.ActiveCfg = Release|Any CPU
		{C45E9395-1690-49A8-A659-4AA44129E338}.Release|Any CPU.Build.0 = Release|Any CPU
		{C45E9395-1690-49A8-A659-4AA44129E338}.ReleaseMono|Any CPU.ActiveCfg = Release|Any CPU
		{C45E9395-1690-49A8-A659-4AA44129E338}.ReleaseMono|Any CPU.Build.0 = Release|Any CPU
		{63038FE4-82C6-475B-A10D-22FF92B410AF}.Debug|Any CPU.ActiveCfg = Debug|Any CPU
		{63038FE4-82C6-475B-A10D-22FF92B410AF}.Debug|Any CPU.Build.0 = Debug|Any CPU
		{63038FE4-82C6-475B-A10D-22FF92B410AF}.DebugMono|Any CPU.ActiveCfg = Debug|Any CPU
		{63038FE4-82C6-475B-A10D-22FF92B410AF}.DebugMono|Any CPU.Build.0 = Debug|Any CPU
		{63038FE4-82C6-475B-A10D-22FF92B410AF}.Release|Any CPU.ActiveCfg = Release|Any CPU
		{63038FE4-82C6-475B-A10D-22FF92B410AF}.Release|Any CPU.Build.0 = Release|Any CPU
		{63038FE4-82C6-475B-A10D-22FF92B410AF}.ReleaseMono|Any CPU.ActiveCfg = Release|Any CPU
		{63038FE4-82C6-475B-A10D-22FF92B410AF}.ReleaseMono|Any CPU.Build.0 = Release|Any CPU
		{D0A1BC05-BBEE-442B-8CFD-8595F6ABC1B7}.Debug|Any CPU.ActiveCfg = Debug|Any CPU
		{D0A1BC05-BBEE-442B-8CFD-8595F6ABC1B7}.Debug|Any CPU.Build.0 = Debug|Any CPU
		{D0A1BC05-BBEE-442B-8CFD-8595F6ABC1B7}.DebugMono|Any CPU.ActiveCfg = Debug|Any CPU
		{D0A1BC05-BBEE-442B-8CFD-8595F6ABC1B7}.DebugMono|Any CPU.Build.0 = Debug|Any CPU
		{D0A1BC05-BBEE-442B-8CFD-8595F6ABC1B7}.Release|Any CPU.ActiveCfg = Release|Any CPU
		{D0A1BC05-BBEE-442B-8CFD-8595F6ABC1B7}.Release|Any CPU.Build.0 = Release|Any CPU
		{D0A1BC05-BBEE-442B-8CFD-8595F6ABC1B7}.ReleaseMono|Any CPU.ActiveCfg = Release|Any CPU
		{D0A1BC05-BBEE-442B-8CFD-8595F6ABC1B7}.ReleaseMono|Any CPU.Build.0 = Release|Any CPU
		{7D231056-5E8A-4AEA-B3BF-98754CB95997}.Debug|Any CPU.ActiveCfg = Debug|Any CPU
		{7D231056-5E8A-4AEA-B3BF-98754CB95997}.Debug|Any CPU.Build.0 = Debug|Any CPU
		{7D231056-5E8A-4AEA-B3BF-98754CB95997}.DebugMono|Any CPU.ActiveCfg = Debug|Any CPU
		{7D231056-5E8A-4AEA-B3BF-98754CB95997}.DebugMono|Any CPU.Build.0 = Debug|Any CPU
		{7D231056-5E8A-4AEA-B3BF-98754CB95997}.Release|Any CPU.ActiveCfg = Release|Any CPU
		{7D231056-5E8A-4AEA-B3BF-98754CB95997}.Release|Any CPU.Build.0 = Release|Any CPU
		{7D231056-5E8A-4AEA-B3BF-98754CB95997}.ReleaseMono|Any CPU.ActiveCfg = Release|Any CPU
		{7D231056-5E8A-4AEA-B3BF-98754CB95997}.ReleaseMono|Any CPU.Build.0 = Release|Any CPU
		{98BDD5F6-5752-41D8-B1B2-4FAF69418A1A}.Debug|Any CPU.ActiveCfg = Debug|Any CPU
		{98BDD5F6-5752-41D8-B1B2-4FAF69418A1A}.Debug|Any CPU.Build.0 = Debug|Any CPU
		{98BDD5F6-5752-41D8-B1B2-4FAF69418A1A}.DebugMono|Any CPU.ActiveCfg = Debug|Any CPU
		{98BDD5F6-5752-41D8-B1B2-4FAF69418A1A}.DebugMono|Any CPU.Build.0 = Debug|Any CPU
		{98BDD5F6-5752-41D8-B1B2-4FAF69418A1A}.Release|Any CPU.ActiveCfg = Release|Any CPU
		{98BDD5F6-5752-41D8-B1B2-4FAF69418A1A}.Release|Any CPU.Build.0 = Release|Any CPU
		{98BDD5F6-5752-41D8-B1B2-4FAF69418A1A}.ReleaseMono|Any CPU.ActiveCfg = Release|Any CPU
		{98BDD5F6-5752-41D8-B1B2-4FAF69418A1A}.ReleaseMono|Any CPU.Build.0 = Release|Any CPU
		{EBF47F2C-9452-49E9-B984-5B6D44C3E608}.Debug|Any CPU.ActiveCfg = Debug|Any CPU
		{EBF47F2C-9452-49E9-B984-5B6D44C3E608}.Debug|Any CPU.Build.0 = Debug|Any CPU
		{EBF47F2C-9452-49E9-B984-5B6D44C3E608}.DebugMono|Any CPU.ActiveCfg = Debug|Any CPU
		{EBF47F2C-9452-49E9-B984-5B6D44C3E608}.DebugMono|Any CPU.Build.0 = Debug|Any CPU
		{EBF47F2C-9452-49E9-B984-5B6D44C3E608}.Release|Any CPU.ActiveCfg = Release|Any CPU
		{EBF47F2C-9452-49E9-B984-5B6D44C3E608}.Release|Any CPU.Build.0 = Release|Any CPU
		{EBF47F2C-9452-49E9-B984-5B6D44C3E608}.ReleaseMono|Any CPU.ActiveCfg = Release|Any CPU
		{EBF47F2C-9452-49E9-B984-5B6D44C3E608}.ReleaseMono|Any CPU.Build.0 = Release|Any CPU
		{1B4D683C-3FEF-4BCB-886A-BFF4B043B9A6}.Debug|Any CPU.ActiveCfg = Debug|Any CPU
		{1B4D683C-3FEF-4BCB-886A-BFF4B043B9A6}.Debug|Any CPU.Build.0 = Debug|Any CPU
		{1B4D683C-3FEF-4BCB-886A-BFF4B043B9A6}.DebugMono|Any CPU.ActiveCfg = Debug|Any CPU
		{1B4D683C-3FEF-4BCB-886A-BFF4B043B9A6}.DebugMono|Any CPU.Build.0 = Debug|Any CPU
		{1B4D683C-3FEF-4BCB-886A-BFF4B043B9A6}.Release|Any CPU.ActiveCfg = Release|Any CPU
		{1B4D683C-3FEF-4BCB-886A-BFF4B043B9A6}.Release|Any CPU.Build.0 = Release|Any CPU
		{1B4D683C-3FEF-4BCB-886A-BFF4B043B9A6}.ReleaseMono|Any CPU.ActiveCfg = Release|Any CPU
		{1B4D683C-3FEF-4BCB-886A-BFF4B043B9A6}.ReleaseMono|Any CPU.Build.0 = Release|Any CPU
		{FF46E686-36D9-49EB-B684-F87F52B3E017}.Debug|Any CPU.ActiveCfg = Debug|Any CPU
		{FF46E686-36D9-49EB-B684-F87F52B3E017}.Debug|Any CPU.Build.0 = Debug|Any CPU
		{FF46E686-36D9-49EB-B684-F87F52B3E017}.DebugMono|Any CPU.ActiveCfg = Debug|Any CPU
		{FF46E686-36D9-49EB-B684-F87F52B3E017}.DebugMono|Any CPU.Build.0 = Debug|Any CPU
		{FF46E686-36D9-49EB-B684-F87F52B3E017}.Release|Any CPU.ActiveCfg = Release|Any CPU
		{FF46E686-36D9-49EB-B684-F87F52B3E017}.Release|Any CPU.Build.0 = Release|Any CPU
		{FF46E686-36D9-49EB-B684-F87F52B3E017}.ReleaseMono|Any CPU.ActiveCfg = Release|Any CPU
		{FF46E686-36D9-49EB-B684-F87F52B3E017}.ReleaseMono|Any CPU.Build.0 = Release|Any CPU
		{EA746D4D-4888-43D2-BA78-D48F9286FDB2}.Debug|Any CPU.ActiveCfg = Debug|Any CPU
		{EA746D4D-4888-43D2-BA78-D48F9286FDB2}.Debug|Any CPU.Build.0 = Debug|Any CPU
		{EA746D4D-4888-43D2-BA78-D48F9286FDB2}.DebugMono|Any CPU.ActiveCfg = Debug|Any CPU
		{EA746D4D-4888-43D2-BA78-D48F9286FDB2}.DebugMono|Any CPU.Build.0 = Debug|Any CPU
		{EA746D4D-4888-43D2-BA78-D48F9286FDB2}.Release|Any CPU.ActiveCfg = Release|Any CPU
		{EA746D4D-4888-43D2-BA78-D48F9286FDB2}.Release|Any CPU.Build.0 = Release|Any CPU
		{EA746D4D-4888-43D2-BA78-D48F9286FDB2}.ReleaseMono|Any CPU.ActiveCfg = Release|Any CPU
		{EA746D4D-4888-43D2-BA78-D48F9286FDB2}.ReleaseMono|Any CPU.Build.0 = Release|Any CPU
		{9A702D80-E791-4A56-8B04-3B2BBAFA2C3F}.Debug|Any CPU.ActiveCfg = Debug|Any CPU
		{9A702D80-E791-4A56-8B04-3B2BBAFA2C3F}.Debug|Any CPU.Build.0 = Debug|Any CPU
		{9A702D80-E791-4A56-8B04-3B2BBAFA2C3F}.DebugMono|Any CPU.ActiveCfg = Debug|Any CPU
		{9A702D80-E791-4A56-8B04-3B2BBAFA2C3F}.DebugMono|Any CPU.Build.0 = Debug|Any CPU
		{9A702D80-E791-4A56-8B04-3B2BBAFA2C3F}.Release|Any CPU.ActiveCfg = Release|Any CPU
		{9A702D80-E791-4A56-8B04-3B2BBAFA2C3F}.Release|Any CPU.Build.0 = Release|Any CPU
		{9A702D80-E791-4A56-8B04-3B2BBAFA2C3F}.ReleaseMono|Any CPU.ActiveCfg = Release|Any CPU
		{9A702D80-E791-4A56-8B04-3B2BBAFA2C3F}.ReleaseMono|Any CPU.Build.0 = Release|Any CPU
		{DDC04879-8463-4F95-9DAD-FE1BBF810B6B}.Debug|Any CPU.ActiveCfg = Debug|Any CPU
		{DDC04879-8463-4F95-9DAD-FE1BBF810B6B}.Debug|Any CPU.Build.0 = Debug|Any CPU
		{DDC04879-8463-4F95-9DAD-FE1BBF810B6B}.DebugMono|Any CPU.ActiveCfg = Debug|Any CPU
		{DDC04879-8463-4F95-9DAD-FE1BBF810B6B}.DebugMono|Any CPU.Build.0 = Debug|Any CPU
		{DDC04879-8463-4F95-9DAD-FE1BBF810B6B}.Release|Any CPU.ActiveCfg = Release|Any CPU
		{DDC04879-8463-4F95-9DAD-FE1BBF810B6B}.Release|Any CPU.Build.0 = Release|Any CPU
		{DDC04879-8463-4F95-9DAD-FE1BBF810B6B}.ReleaseMono|Any CPU.ActiveCfg = Release|Any CPU
		{DDC04879-8463-4F95-9DAD-FE1BBF810B6B}.ReleaseMono|Any CPU.Build.0 = Release|Any CPU
		{A3A5E6B7-E3A4-4D03-A3BE-B2EC37D00F2E}.Debug|Any CPU.ActiveCfg = Debug|Any CPU
		{A3A5E6B7-E3A4-4D03-A3BE-B2EC37D00F2E}.Debug|Any CPU.Build.0 = Debug|Any CPU
		{A3A5E6B7-E3A4-4D03-A3BE-B2EC37D00F2E}.DebugMono|Any CPU.ActiveCfg = Debug|Any CPU
		{A3A5E6B7-E3A4-4D03-A3BE-B2EC37D00F2E}.DebugMono|Any CPU.Build.0 = Debug|Any CPU
		{A3A5E6B7-E3A4-4D03-A3BE-B2EC37D00F2E}.Release|Any CPU.ActiveCfg = Release|Any CPU
		{A3A5E6B7-E3A4-4D03-A3BE-B2EC37D00F2E}.Release|Any CPU.Build.0 = Release|Any CPU
		{A3A5E6B7-E3A4-4D03-A3BE-B2EC37D00F2E}.ReleaseMono|Any CPU.ActiveCfg = Release|Any CPU
		{A3A5E6B7-E3A4-4D03-A3BE-B2EC37D00F2E}.ReleaseMono|Any CPU.Build.0 = Release|Any CPU
		{126597CA-D404-43B3-BCFE-36F777B6B741}.Debug|Any CPU.ActiveCfg = Debug|Any CPU
		{126597CA-D404-43B3-BCFE-36F777B6B741}.Debug|Any CPU.Build.0 = Debug|Any CPU
		{126597CA-D404-43B3-BCFE-36F777B6B741}.DebugMono|Any CPU.ActiveCfg = Debug|Any CPU
		{126597CA-D404-43B3-BCFE-36F777B6B741}.DebugMono|Any CPU.Build.0 = Debug|Any CPU
		{126597CA-D404-43B3-BCFE-36F777B6B741}.Release|Any CPU.ActiveCfg = Release|Any CPU
		{126597CA-D404-43B3-BCFE-36F777B6B741}.Release|Any CPU.Build.0 = Release|Any CPU
		{126597CA-D404-43B3-BCFE-36F777B6B741}.ReleaseMono|Any CPU.ActiveCfg = Release|Any CPU
		{126597CA-D404-43B3-BCFE-36F777B6B741}.ReleaseMono|Any CPU.Build.0 = Release|Any CPU
		{7CCFEFA1-0391-499C-A32B-59A2E59D6B99}.Debug|Any CPU.ActiveCfg = Debug|Any CPU
		{7CCFEFA1-0391-499C-A32B-59A2E59D6B99}.Debug|Any CPU.Build.0 = Debug|Any CPU
		{7CCFEFA1-0391-499C-A32B-59A2E59D6B99}.DebugMono|Any CPU.ActiveCfg = Debug|Any CPU
		{7CCFEFA1-0391-499C-A32B-59A2E59D6B99}.DebugMono|Any CPU.Build.0 = Debug|Any CPU
		{7CCFEFA1-0391-499C-A32B-59A2E59D6B99}.Release|Any CPU.ActiveCfg = Release|Any CPU
		{7CCFEFA1-0391-499C-A32B-59A2E59D6B99}.Release|Any CPU.Build.0 = Release|Any CPU
		{7CCFEFA1-0391-499C-A32B-59A2E59D6B99}.ReleaseMono|Any CPU.ActiveCfg = Release|Any CPU
		{7CCFEFA1-0391-499C-A32B-59A2E59D6B99}.ReleaseMono|Any CPU.Build.0 = Release|Any CPU
		{9162AB5E-CD81-4F6E-9866-EF3AB53065EE}.Debug|Any CPU.ActiveCfg = Debug|Any CPU
		{9162AB5E-CD81-4F6E-9866-EF3AB53065EE}.Debug|Any CPU.Build.0 = Debug|Any CPU
		{9162AB5E-CD81-4F6E-9866-EF3AB53065EE}.DebugMono|Any CPU.ActiveCfg = Debug|Any CPU
		{9162AB5E-CD81-4F6E-9866-EF3AB53065EE}.DebugMono|Any CPU.Build.0 = Debug|Any CPU
		{9162AB5E-CD81-4F6E-9866-EF3AB53065EE}.Release|Any CPU.ActiveCfg = Release|Any CPU
		{9162AB5E-CD81-4F6E-9866-EF3AB53065EE}.Release|Any CPU.Build.0 = Release|Any CPU
		{9162AB5E-CD81-4F6E-9866-EF3AB53065EE}.ReleaseMono|Any CPU.ActiveCfg = Release|Any CPU
		{9162AB5E-CD81-4F6E-9866-EF3AB53065EE}.ReleaseMono|Any CPU.Build.0 = Release|Any CPU
		{CFB4F0FE-2C65-4D31-A5F3-4273A02F8CC3}.Debug|Any CPU.ActiveCfg = Debug|Any CPU
		{CFB4F0FE-2C65-4D31-A5F3-4273A02F8CC3}.Debug|Any CPU.Build.0 = Debug|Any CPU
		{CFB4F0FE-2C65-4D31-A5F3-4273A02F8CC3}.DebugMono|Any CPU.ActiveCfg = Debug|Any CPU
		{CFB4F0FE-2C65-4D31-A5F3-4273A02F8CC3}.DebugMono|Any CPU.Build.0 = Debug|Any CPU
		{CFB4F0FE-2C65-4D31-A5F3-4273A02F8CC3}.Release|Any CPU.ActiveCfg = Release|Any CPU
		{CFB4F0FE-2C65-4D31-A5F3-4273A02F8CC3}.Release|Any CPU.Build.0 = Release|Any CPU
		{CFB4F0FE-2C65-4D31-A5F3-4273A02F8CC3}.ReleaseMono|Any CPU.ActiveCfg = Release|Any CPU
		{CFB4F0FE-2C65-4D31-A5F3-4273A02F8CC3}.ReleaseMono|Any CPU.Build.0 = Release|Any CPU
		{721CEE7D-1973-430A-AD4A-8B9598C4C043}.Debug|Any CPU.ActiveCfg = Debug|Any CPU
		{721CEE7D-1973-430A-AD4A-8B9598C4C043}.Debug|Any CPU.Build.0 = Debug|Any CPU
		{721CEE7D-1973-430A-AD4A-8B9598C4C043}.DebugMono|Any CPU.ActiveCfg = Debug|Any CPU
		{721CEE7D-1973-430A-AD4A-8B9598C4C043}.DebugMono|Any CPU.Build.0 = Debug|Any CPU
		{721CEE7D-1973-430A-AD4A-8B9598C4C043}.Release|Any CPU.ActiveCfg = Release|Any CPU
		{721CEE7D-1973-430A-AD4A-8B9598C4C043}.Release|Any CPU.Build.0 = Release|Any CPU
		{721CEE7D-1973-430A-AD4A-8B9598C4C043}.ReleaseMono|Any CPU.ActiveCfg = Release|Any CPU
		{721CEE7D-1973-430A-AD4A-8B9598C4C043}.ReleaseMono|Any CPU.Build.0 = Release|Any CPU
	EndGlobalSection
	GlobalSection(SolutionProperties) = preSolution
		HideSolutionNode = FALSE
	EndGlobalSection
	GlobalSection(NestedProjects) = preSolution
		{1255276C-756E-48AA-A09B-22E92D16D995} = {09997313-0337-406E-87E7-2935EE607A29}
		{23596DC5-290A-4DD0-A2A3-6194E35A1CDF} = {13175EA6-B834-49A1-BD57-BCB69A1593BF}
		{EE9077B9-145A-4B2D-94AF-A676A8CF064F} = {09997313-0337-406E-87E7-2935EE607A29}
		{1C0FE511-0A6D-475F-B741-6B96248996FF} = {9B840196-28CE-42D2-9FB5-F9C7DFA08A88}
		{E79D23BA-1D4E-42A1-AB57-E6AB90C1F706} = {09997313-0337-406E-87E7-2935EE607A29}
		{D9D31BC4-BB39-4511-93AC-BD368C70C9B7} = {0C56ACD1-24EC-4B42-AEB8-A75353534EA4}
		{E34DF74F-E217-4711-BFC6-2F983011FC21} = {0C56ACD1-24EC-4B42-AEB8-A75353534EA4}
		{9DA9DBE0-AE29-4845-9204-099F58A7E405} = {745EB686-0FB1-41D3-9983-D5487A77F210}
		{C45E9395-1690-49A8-A659-4AA44129E338} = {1DBBB1F2-CAE1-4FEE-8A65-EE9CCEAD6CD7}
		{63038FE4-82C6-475B-A10D-22FF92B410AF} = {0C56ACD1-24EC-4B42-AEB8-A75353534EA4}
		{D0A1BC05-BBEE-442B-8CFD-8595F6ABC1B7} = {13175EA6-B834-49A1-BD57-BCB69A1593BF}
		{7D231056-5E8A-4AEA-B3BF-98754CB95997} = {13175EA6-B834-49A1-BD57-BCB69A1593BF}
		{98BDD5F6-5752-41D8-B1B2-4FAF69418A1A} = {13175EA6-B834-49A1-BD57-BCB69A1593BF}
		{EBF47F2C-9452-49E9-B984-5B6D44C3E608} = {9B840196-28CE-42D2-9FB5-F9C7DFA08A88}
		{1B4D683C-3FEF-4BCB-886A-BFF4B043B9A6} = {9B840196-28CE-42D2-9FB5-F9C7DFA08A88}
		{FF46E686-36D9-49EB-B684-F87F52B3E017} = {33051E2D-2B9B-44F3-BCE4-EE0851AC0DE9}
		{EA746D4D-4888-43D2-BA78-D48F9286FDB2} = {33051E2D-2B9B-44F3-BCE4-EE0851AC0DE9}
		{9A702D80-E791-4A56-8B04-3B2BBAFA2C3F} = {33051E2D-2B9B-44F3-BCE4-EE0851AC0DE9}
		{DDC04879-8463-4F95-9DAD-FE1BBF810B6B} = {13175EA6-B834-49A1-BD57-BCB69A1593BF}
		{A3A5E6B7-E3A4-4D03-A3BE-B2EC37D00F2E} = {09997313-0337-406E-87E7-2935EE607A29}
		{126597CA-D404-43B3-BCFE-36F777B6B741} = {745EB686-0FB1-41D3-9983-D5487A77F210}
		{7CCFEFA1-0391-499C-A32B-59A2E59D6B99} = {745EB686-0FB1-41D3-9983-D5487A77F210}
		{9162AB5E-CD81-4F6E-9866-EF3AB53065EE} = {745EB686-0FB1-41D3-9983-D5487A77F210}
		{CFB4F0FE-2C65-4D31-A5F3-4273A02F8CC3} = {09997313-0337-406E-87E7-2935EE607A29}
		{721CEE7D-1973-430A-AD4A-8B9598C4C043} = {1DBBB1F2-CAE1-4FEE-8A65-EE9CCEAD6CD7}
	EndGlobalSection
	GlobalSection(ExtensibilityGlobals) = postSolution
		SolutionGuid = {797A0322-E124-4A78-9126-A666E4FD4EB7}
	EndGlobalSection
EndGlobal
